{
  "version": 4,
  "terraform_version": "1.15.5",
  "serial": 1,
  "lineage": "58a1a79a-cf50-bffe-f129-d762e243542f",
  "outputs": {},
  "resources": [
    {
      "module": "module.rds",
      "mode": "managed",
      "type": "local_file",
      "name": "rds",
      "provider": "provider[\"registry.terraform.io/hashicorp/local\"]",
      "instances": [
        {
          "schema_version": 0,
          "attributes": {
            "content": "id: stg-rds-cluster-db\nvpc_id: stg-vpc-main",
            "content_base64": null,
            "content_base64sha256": "1GHQFU0OncofrwjR1JLiCD5RbxKbjK6BuHckY6ntnck=",
            "content_base64sha512": "lULLPL6vUkLkQvrpXoHx9mOUpUUNbIChlNPsFFpw4sVamWouhmX2jn0lTirzAlXgNtYDuaWzYpzjM6UBu6Koew==",
            "content_md5": "72f57656594c2c8c71d09664c0729f92",
            "content_sha1": "ae992032e5788673e8b25a0d918cfd7fcfa08a3d",
            "content_sha256": "d461d0154d0e9dca1faf08d1d492e2083e516f129b8cae81b8772463a9ed9dc9",
            "content_sha512": "9542cb3cbeaf5242e442fae95e81f1f66394a5450d6c80a194d3ec145a70e2c55a996a2e8665f68e7d254e2af30255e036d603b9a5b3629ce333a501bba2a87b",
            "directory_permission": "0777",
            "file_permission": "0777",
            "filename": "stg-rds-cluster-db.txt",
            "id": "ae992032e5788673e8b25a0d918cfd7fcfa08a3d",
            "sensitive_content": null,
            "source": null
          },
          "sensitive_attributes": [
            [
              {
                "type": "get_attr",
                "value": "sensitive_content"
              }
            ]
          ],
          "identity_schema_version": 0
        }
      ]
    }
  ],
  "check_results": null
}
