{
  "version": 4,
  "terraform_version": "1.15.5",
  "serial": 5,
  "lineage": "7cd4d9bf-56a1-99bd-ad7b-ec929189ade4",
  "outputs": {
    "content": {
      "value": "bar",
      "type": "string"
    },
    "filename": {
      "value": "foo.txt",
      "type": "string"
    }
  },
  "resources": [
    {
      "mode": "managed",
      "type": "local_file",
      "name": "each",
      "provider": "provider[\"registry.terraform.io/hashicorp/local\"]",
      "instances": [
        {
          "index_key": "file1.txt",
          "schema_version": 0,
          "attributes": {
            "content": "content of file 1",
            "content_base64": null,
            "content_base64sha256": "o79MEYS7Je6MfJcNetV7aT5PAotJ8ouxS1iJ5kxKIhk=",
            "content_base64sha512": "oRA/pKPEmXigW0pOkluwU0cDlkVV+lQgbmSGSdylixPSwLOyJNBy88Hr/5QSKnCl8k4/crScTAyOlq3JGcO6WQ==",
            "content_md5": "e391dbbfaaa0071a5569c03d545be6bd",
            "content_sha1": "97515a7efbaae75351e2aae949820c1f5630df97",
            "content_sha256": "a3bf4c1184bb25ee8c7c970d7ad57b693e4f028b49f28bb14b5889e64c4a2219",
            "content_sha512": "a1103fa4a3c49978a05b4a4e925bb0534703964555fa54206e648649dca58b13d2c0b3b224d072f3c1ebff94122a70a5f24e3f72b49c4c0c8e96adc919c3ba59",
            "directory_permission": "0777",
            "file_permission": "0777",
            "filename": "file1.txt",
            "id": "97515a7efbaae75351e2aae949820c1f5630df97",
            "sensitive_content": null,
            "source": null
          },
          "sensitive_attributes": [
            [
              {
                "type": "get_attr",
                "value": "sensitive_content"
              }
            ]
          ],
          "identity_schema_version": 0
        },
        {
          "index_key": "file2.txt",
          "schema_version": 0,
          "attributes": {
            "content": "content of file 2",
            "content_base64": null,
            "content_base64sha256": "01g33cr7XmkqqXIV4AOz8m6fEqmNNOVAFJzrW3d0dyo=",
            "content_base64sha512": "cXKAom3lbW/+CdE7OqxbfUTOtg+aZVYFyhMfLgIrC2BPDwyh/VUBEFOggGKYyMhZTiTVJN5QrHFDNM7SvqMHVg==",
            "content_md5": "4a19672c858b58338485b940caa60cc0",
            "content_sha1": "fd8e0ad8d5811b79aa25f2afee1d889ddf12a1fa",
            "content_sha256": "d35837ddcafb5e692aa97215e003b3f26e9f12a98d34e540149ceb5b7774772a",
            "content_sha512": "717280a26de56d6ffe09d13b3aac5b7d44ceb60f9a655605ca131f2e022b0b604f0f0ca1fd55011053a0806298c8c8594e24d524de50ac714334ced2bea30756",
            "directory_permission": "0777",
            "file_permission": "0777",
            "filename": "file2.txt",
            "id": "fd8e0ad8d5811b79aa25f2afee1d889ddf12a1fa",
            "sensitive_content": null,
            "source": null
          },
          "sensitive_attributes": [
            [
              {
                "type": "get_attr",
                "value": "sensitive_content"
              }
            ]
          ],
          "identity_schema_version": 0
        }
      ]
    },
    {
      "mode": "managed",
      "type": "local_file",
      "name": "foo",
      "provider": "provider[\"registry.terraform.io/hashicorp/local\"]",
      "instances": [
        {
          "schema_version": 0,
          "attributes": {
            "content": "bar",
            "content_base64": null,
            "content_base64sha256": "/N4rLtula/QIYB+3If6bXDONEO5CnqBPrlURto+/j7k=",
            "content_base64sha512": "2CxOtSYcuciqmFXt1n0b0QSC9BUphY2SUJTRc/pmKqkf85vFsYhhUnNIQCHfsW/YKEz2hMzw/Hlb46ovwebBgQ==",
            "content_md5": "37b51d194a7513e45b56f6524f2d51f2",
            "content_sha1": "62cdb7020ff920e5aa642c3d4066950dd1f01f4d",
            "content_sha256": "fcde2b2edba56bf408601fb721fe9b5c338d10ee429ea04fae5511b68fbf8fb9",
            "content_sha512": "d82c4eb5261cb9c8aa9855edd67d1bd10482f41529858d925094d173fa662aa91ff39bc5b188615273484021dfb16fd8284cf684ccf0fc795be3aa2fc1e6c181",
            "directory_permission": "0777",
            "file_permission": "0777",
            "filename": "foo.txt",
            "id": "62cdb7020ff920e5aa642c3d4066950dd1f01f4d",
            "sensitive_content": null,
            "source": null
          },
          "sensitive_attributes": [
            [
              {
                "type": "get_attr",
                "value": "sensitive_content"
              }
            ]
          ],
          "identity_schema_version": 0
        }
      ]
    }
  ],
  "check_results": null
}
