{
  "version": 4,
  "terraform_version": "1.15.5",
  "serial": 11,
  "lineage": "7cd4d9bf-56a1-99bd-ad7b-ec929189ade4",
  "outputs": {
    "content": {
      "value": "bar",
      "type": "string"
    },
    "filename": {
      "value": "foo.txt",
      "type": "string"
    }
  },
  "resources": [
    {
      "mode": "managed",
      "type": "local_file",
      "name": "count",
      "provider": "provider[\"registry.terraform.io/hashicorp/local\"]",
      "instances": [
        {
          "index_key": 0,
          "schema_version": 0,
          "attributes": {
            "content": "Content of file 0",
            "content_base64": null,
            "content_base64sha256": "jaPJs5WEDiA/bEgHHcn/Ovpr8XasE3S5XjIHG33mkxU=",
            "content_base64sha512": "TTg2FtmfMJYfBdyQH3f+7+3815c2Zy8iW0aKPYECDaWqE0CD0rdVX3ISaMxIz+ua02RervgKoCgZ4Mdp5bWoJA==",
            "content_md5": "626e4837908c87848414f01dc0e41be8",
            "content_sha1": "bc499a517b9e1f0174043a1037bd059125be7fd0",
            "content_sha256": "8da3c9b395840e203f6c48071dc9ff3afa6bf176ac1374b95e32071b7de69315",
            "content_sha512": "4d383616d99f30961f05dc901f77feefedfcd79736672f225b468a3d81020da5aa134083d2b7555f721268cc48cfeb9ad3645eaef80aa02819e0c769e5b5a824",
            "directory_permission": "0777",
            "file_permission": "0777",
            "filename": "count-file-0.txt",
            "id": "bc499a517b9e1f0174043a1037bd059125be7fd0",
            "sensitive_content": null,
            "source": null
          },
          "sensitive_attributes": [
            [
              {
                "type": "get_attr",
                "value": "sensitive_content"
              }
            ]
          ],
          "identity_schema_version": 0
        },
        {
          "index_key": 1,
          "schema_version": 0,
          "attributes": {
            "content": "Content of file 1",
            "content_base64": null,
            "content_base64sha256": "k8vfVcLU9Ts4e9YMT9IEpukdcL877GL+UIiRWC+Qi40=",
            "content_base64sha512": "elrX2ZSBXaxnEWtgv7p+hOtSd3r6OBfbBAh6ZKCgVIEUUrgx5jq+LdL3cJUCtjL7Cn3lQljv7Fy+yW+r4BUowQ==",
            "content_md5": "2e71d7daf9b423f8df0a83ebef192421",
            "content_sha1": "79f5c5249ed82ff055c35be8d6b9d1473e764ccb",
            "content_sha256": "93cbdf55c2d4f53b387bd60c4fd204a6e91d70bf3bec62fe508891582f908b8d",
            "content_sha512": "7a5ad7d994815dac67116b60bfba7e84eb52777afa3817db04087a64a0a054811452b831e63abe2dd2f7709502b632fb0a7de54258efec5cbec96fabe01528c1",
            "directory_permission": "0777",
            "file_permission": "0777",
            "filename": "count-file-1.txt",
            "id": "79f5c5249ed82ff055c35be8d6b9d1473e764ccb",
            "sensitive_content": null,
            "source": null
          },
          "sensitive_attributes": [
            [
              {
                "type": "get_attr",
                "value": "sensitive_content"
              }
            ]
          ],
          "identity_schema_version": 0
        },
        {
          "index_key": 2,
          "schema_version": 0,
          "attributes": {
            "content": "Content of file 2",
            "content_base64": null,
            "content_base64sha256": "UqQm+33HyANVVbmXykthdNWI1PIAFWLuGjt9oHeVsp0=",
            "content_base64sha512": "iitIefxEJBxV8udT6CXxJDXshPYOOjuEULivwCyxb3BpriHN35CoS90T9BEO4ztYMzOMwGUBWvKAn9AYO0/Fwg==",
            "content_md5": "20c1d191ec2f3d65faa2b1ed89f0f3b6",
            "content_sha1": "36a0d9fd954171de6f6378fbfe9b4f9324dcedf2",
            "content_sha256": "52a426fb7dc7c8035555b997ca4b6174d588d4f2001562ee1a3b7da07795b29d",
            "content_sha512": "8a2b4879fc44241c55f2e753e825f12435ec84f60e3a3b8450b8afc02cb16f7069ae21cddf90a84bdd13f4110ee33b5833338cc065015af2809fd0183b4fc5c2",
            "directory_permission": "0777",
            "file_permission": "0777",
            "filename": "count-file-2.txt",
            "id": "36a0d9fd954171de6f6378fbfe9b4f9324dcedf2",
            "sensitive_content": null,
            "source": null
          },
          "sensitive_attributes": [
            [
              {
                "type": "get_attr",
                "value": "sensitive_content"
              }
            ]
          ],
          "identity_schema_version": 0
        },
        {
          "index_key": 3,
          "schema_version": 0,
          "attributes": {
            "content": "Content of file 3",
            "content_base64": null,
            "content_base64sha256": "h6eMybwiDWPJtaKnHzYBWS2cKCoNB9jy9X6dryvK4Rc=",
            "content_base64sha512": "iwIynupKHlH32bLTOpKPON7noQjBxf0I19t7269wIMjcjRpAWeT2OlDMX9bc7mzA77eq7yr3ybDfO2qP3uytJQ==",
            "content_md5": "3163b3985ebe8acab7fe6c3d7b23d1be",
            "content_sha1": "59066c4b53eead8b3d240d23dcafaf356e965dca",
            "content_sha256": "87a78cc9bc220d63c9b5a2a71f3601592d9c282a0d07d8f2f57e9daf2bcae117",
            "content_sha512": "8b02329eea4a1e51f7d9b2d33a928f38dee7a108c1c5fd08d7db7bdbaf7020c8dc8d1a4059e4f63a50cc5fd6dcee6cc0efb7aaef2af7c9b0df3b6a8fdeecad25",
            "directory_permission": "0777",
            "file_permission": "0777",
            "filename": "count-file-3.txt",
            "id": "59066c4b53eead8b3d240d23dcafaf356e965dca",
            "sensitive_content": null,
            "source": null
          },
          "sensitive_attributes": [
            [
              {
                "type": "get_attr",
                "value": "sensitive_content"
              }
            ]
          ],
          "identity_schema_version": 0
        },
        {
          "index_key": 4,
          "schema_version": 0,
          "attributes": {
            "content": "Content of file 4",
            "content_base64": null,
            "content_base64sha256": "iWXE+6plTvTTXdKfpyGHrMs96zfxILlJsrOOsLvjia8=",
            "content_base64sha512": "bgSBaH+JS3cJBhOyFyCy7jXAWjdLyMRvn4YbTh9jHGFvPfPF/vMPG0R1EbTL/G/D0kQmF6307eR53qFpRqee6g==",
            "content_md5": "cc3b3d775ab0c2e228f0a67955cf4db1",
            "content_sha1": "ba053f902829897f5af407087668aa10d976101c",
            "content_sha256": "8965c4fbaa654ef4d35dd29fa72187accb3deb37f120b949b2b38eb0bbe389af",
            "content_sha512": "6e0481687f894b77090613b21720b2ee35c05a374bc8c46f9f861b4e1f631c616f3df3c5fef30f1b447511b4cbfc6fc3d2442617adf4ede479dea16946a79eea",
            "directory_permission": "0777",
            "file_permission": "0777",
            "filename": "count-file-4.txt",
            "id": "ba053f902829897f5af407087668aa10d976101c",
            "sensitive_content": null,
            "source": null
          },
          "sensitive_attributes": [
            [
              {
                "type": "get_attr",
                "value": "sensitive_content"
              }
            ]
          ],
          "identity_schema_version": 0
        }
      ]
    },
    {
      "mode": "managed",
      "type": "local_file",
      "name": "each",
      "provider": "provider[\"registry.terraform.io/hashicorp/local\"]",
      "instances": [
        {
          "index_key": "file1.txt",
          "schema_version": 0,
          "attributes": {
            "content": "content of file 1",
            "content_base64": null,
            "content_base64sha256": "o79MEYS7Je6MfJcNetV7aT5PAotJ8ouxS1iJ5kxKIhk=",
            "content_base64sha512": "oRA/pKPEmXigW0pOkluwU0cDlkVV+lQgbmSGSdylixPSwLOyJNBy88Hr/5QSKnCl8k4/crScTAyOlq3JGcO6WQ==",
            "content_md5": "e391dbbfaaa0071a5569c03d545be6bd",
            "content_sha1": "97515a7efbaae75351e2aae949820c1f5630df97",
            "content_sha256": "a3bf4c1184bb25ee8c7c970d7ad57b693e4f028b49f28bb14b5889e64c4a2219",
            "content_sha512": "a1103fa4a3c49978a05b4a4e925bb0534703964555fa54206e648649dca58b13d2c0b3b224d072f3c1ebff94122a70a5f24e3f72b49c4c0c8e96adc919c3ba59",
            "directory_permission": "0777",
            "file_permission": "0777",
            "filename": "file1.txt",
            "id": "97515a7efbaae75351e2aae949820c1f5630df97",
            "sensitive_content": null,
            "source": null
          },
          "sensitive_attributes": [
            [
              {
                "type": "get_attr",
                "value": "sensitive_content"
              }
            ]
          ],
          "identity_schema_version": 0
        },
        {
          "index_key": "file2.txt",
          "schema_version": 0,
          "attributes": {
            "content": "content of file 2",
            "content_base64": null,
            "content_base64sha256": "01g33cr7XmkqqXIV4AOz8m6fEqmNNOVAFJzrW3d0dyo=",
            "content_base64sha512": "cXKAom3lbW/+CdE7OqxbfUTOtg+aZVYFyhMfLgIrC2BPDwyh/VUBEFOggGKYyMhZTiTVJN5QrHFDNM7SvqMHVg==",
            "content_md5": "4a19672c858b58338485b940caa60cc0",
            "content_sha1": "fd8e0ad8d5811b79aa25f2afee1d889ddf12a1fa",
            "content_sha256": "d35837ddcafb5e692aa97215e003b3f26e9f12a98d34e540149ceb5b7774772a",
            "content_sha512": "717280a26de56d6ffe09d13b3aac5b7d44ceb60f9a655605ca131f2e022b0b604f0f0ca1fd55011053a0806298c8c8594e24d524de50ac714334ced2bea30756",
            "directory_permission": "0777",
            "file_permission": "0777",
            "filename": "file2.txt",
            "id": "fd8e0ad8d5811b79aa25f2afee1d889ddf12a1fa",
            "sensitive_content": null,
            "source": null
          },
          "sensitive_attributes": [
            [
              {
                "type": "get_attr",
                "value": "sensitive_content"
              }
            ]
          ],
          "identity_schema_version": 0
        }
      ]
    },
    {
      "mode": "managed",
      "type": "local_file",
      "name": "foo",
      "provider": "provider[\"registry.terraform.io/hashicorp/local\"]",
      "instances": [
        {
          "schema_version": 0,
          "attributes": {
            "content": "bar",
            "content_base64": null,
            "content_base64sha256": "/N4rLtula/QIYB+3If6bXDONEO5CnqBPrlURto+/j7k=",
            "content_base64sha512": "2CxOtSYcuciqmFXt1n0b0QSC9BUphY2SUJTRc/pmKqkf85vFsYhhUnNIQCHfsW/YKEz2hMzw/Hlb46ovwebBgQ==",
            "content_md5": "37b51d194a7513e45b56f6524f2d51f2",
            "content_sha1": "62cdb7020ff920e5aa642c3d4066950dd1f01f4d",
            "content_sha256": "fcde2b2edba56bf408601fb721fe9b5c338d10ee429ea04fae5511b68fbf8fb9",
            "content_sha512": "d82c4eb5261cb9c8aa9855edd67d1bd10482f41529858d925094d173fa662aa91ff39bc5b188615273484021dfb16fd8284cf684ccf0fc795be3aa2fc1e6c181",
            "directory_permission": "0777",
            "file_permission": "0777",
            "filename": "foo.txt",
            "id": "62cdb7020ff920e5aa642c3d4066950dd1f01f4d",
            "sensitive_content": null,
            "source": null
          },
          "sensitive_attributes": [
            [
              {
                "type": "get_attr",
                "value": "sensitive_content"
              }
            ]
          ],
          "identity_schema_version": 0
        }
      ]
    }
  ],
  "check_results": null
}
