{
  "version": 4,
  "terraform_version": "1.15.5",
  "serial": 2,
  "lineage": "7cd4d9bf-56a1-99bd-ad7b-ec929189ade4",
  "outputs": {
    "content": {
      "value": "bar",
      "type": "string"
    },
    "filename": {
      "value": "foo.txt",
      "type": "string"
    }
  },
  "resources": [
    {
      "mode": "managed",
      "type": "local_file",
      "name": "foo",
      "provider": "provider[\"registry.terraform.io/hashicorp/local\"]",
      "instances": [
        {
          "schema_version": 0,
          "attributes": {
            "content": "bar",
            "content_base64": null,
            "content_base64sha256": "/N4rLtula/QIYB+3If6bXDONEO5CnqBPrlURto+/j7k=",
            "content_base64sha512": "2CxOtSYcuciqmFXt1n0b0QSC9BUphY2SUJTRc/pmKqkf85vFsYhhUnNIQCHfsW/YKEz2hMzw/Hlb46ovwebBgQ==",
            "content_md5": "37b51d194a7513e45b56f6524f2d51f2",
            "content_sha1": "62cdb7020ff920e5aa642c3d4066950dd1f01f4d",
            "content_sha256": "fcde2b2edba56bf408601fb721fe9b5c338d10ee429ea04fae5511b68fbf8fb9",
            "content_sha512": "d82c4eb5261cb9c8aa9855edd67d1bd10482f41529858d925094d173fa662aa91ff39bc5b188615273484021dfb16fd8284cf684ccf0fc795be3aa2fc1e6c181",
            "directory_permission": "0777",
            "file_permission": "0777",
            "filename": "foo.txt",
            "id": "62cdb7020ff920e5aa642c3d4066950dd1f01f4d",
            "sensitive_content": null,
            "source": null
          },
          "sensitive_attributes": [
            [
              {
                "type": "get_attr",
                "value": "sensitive_content"
              }
            ]
          ],
          "identity_schema_version": 0
        }
      ]
    }
  ],
  "check_results": null
}
