{
  "version": 4,
  "terraform_version": "1.15.5",
  "serial": 28,
  "lineage": "7cd4d9bf-56a1-99bd-ad7b-ec929189ade4",
  "outputs": {},
  "resources": [
    {
      "module": "module.ecs",
      "mode": "managed",
      "type": "local_file",
      "name": "ecs",
      "provider": "provider[\"registry.terraform.io/hashicorp/local\"]",
      "instances": [
        {
          "schema_version": 0,
          "attributes": {
            "content": "id: stg-ecs-web\nrds_cluster_id: stg-rds-cluster-db\nvpc_id: stg-vpc-main",
            "content_base64": null,
            "content_base64sha256": "LF5JHh3tbqCOyXaqZkaB+OnSTY9FyBffb1J1hSOgU7A=",
            "content_base64sha512": "e/wpftF7wFQ8JXJIXVsx4oP1HYm1DfFwDMMk0ljJm+SL+XXRuCpGClE0CAdL0f5RFv3cXr6ZiPbOoynJ5tO8CQ==",
            "content_md5": "925c3dfb73529c7685b2c04477f31947",
            "content_sha1": "2984395fc3f6c740698d779649b1457ea8c16f75",
            "content_sha256": "2c5e491e1ded6ea08ec976aa664681f8e9d24d8f45c817df6f52758523a053b0",
            "content_sha512": "7bfc297ed17bc0543c2572485d5b31e283f51d89b50df1700cc324d258c99be48bf975d1b82a460a513408074bd1fe5116fddc5ebe9988f6cea329c9e6d3bc09",
            "directory_permission": "0777",
            "file_permission": "0777",
            "filename": "stg-ecs-web.txt",
            "id": "2984395fc3f6c740698d779649b1457ea8c16f75",
            "sensitive_content": null,
            "source": null
          },
          "sensitive_attributes": [
            [
              {
                "type": "get_attr",
                "value": "sensitive_content"
              }
            ]
          ],
          "identity_schema_version": 0
        }
      ]
    },
    {
      "module": "module.rds",
      "mode": "managed",
      "type": "local_file",
      "name": "rds",
      "provider": "provider[\"registry.terraform.io/hashicorp/local\"]",
      "instances": [
        {
          "schema_version": 0,
          "attributes": {
            "content": "id: stg-rds-cluster-db\nvpc_id: stg-vpc-main",
            "content_base64": null,
            "content_base64sha256": "1GHQFU0OncofrwjR1JLiCD5RbxKbjK6BuHckY6ntnck=",
            "content_base64sha512": "lULLPL6vUkLkQvrpXoHx9mOUpUUNbIChlNPsFFpw4sVamWouhmX2jn0lTirzAlXgNtYDuaWzYpzjM6UBu6Koew==",
            "content_md5": "72f57656594c2c8c71d09664c0729f92",
            "content_sha1": "ae992032e5788673e8b25a0d918cfd7fcfa08a3d",
            "content_sha256": "d461d0154d0e9dca1faf08d1d492e2083e516f129b8cae81b8772463a9ed9dc9",
            "content_sha512": "9542cb3cbeaf5242e442fae95e81f1f66394a5450d6c80a194d3ec145a70e2c55a996a2e8665f68e7d254e2af30255e036d603b9a5b3629ce333a501bba2a87b",
            "directory_permission": "0777",
            "file_permission": "0777",
            "filename": "stg-rds-cluster-db.txt",
            "id": "ae992032e5788673e8b25a0d918cfd7fcfa08a3d",
            "sensitive_content": null,
            "source": null
          },
          "sensitive_attributes": [
            [
              {
                "type": "get_attr",
                "value": "sensitive_content"
              }
            ]
          ],
          "identity_schema_version": 0
        }
      ]
    },
    {
      "module": "module.vpc",
      "mode": "managed",
      "type": "local_file",
      "name": "vpc",
      "provider": "provider[\"registry.terraform.io/hashicorp/local\"]",
      "instances": [
        {
          "schema_version": 0,
          "attributes": {
            "content": "id: stg-vpc-main\ncidr_block: 10.0.0.0/16",
            "content_base64": null,
            "content_base64sha256": "JeZOZJLVlD85+q0DHiEMWZCdyHiuz/M6Se3dshH7FmY=",
            "content_base64sha512": "ANv5Kdaxb5Y6pElwt1a0FHqkvsjO37NkKYaRb7CZmxCu8o0Cz7Omr9b2qBrEFkrtaNvcsYrhGLbdweXjNsQrAA==",
            "content_md5": "3d013aad6259ce0b2349a2a00203e07d",
            "content_sha1": "651e6c4fe4e5df5afd54943bf735456b5a38aae1",
            "content_sha256": "25e64e6492d5943f39faad031e210c59909dc878aecff33a49edddb211fb1666",
            "content_sha512": "00dbf929d6b16f963aa44970b756b4147aa4bec8cedfb3642986916fb0999b10aef28d02cfb3a6afd6f6a81ac4164aed68dbdcb18ae118b6ddc1e5e336c42b00",
            "directory_permission": "0777",
            "file_permission": "0777",
            "filename": "stg-vpc-main.txt",
            "id": "651e6c4fe4e5df5afd54943bf735456b5a38aae1",
            "sensitive_content": null,
            "source": null
          },
          "sensitive_attributes": [
            [
              {
                "type": "get_attr",
                "value": "sensitive_content"
              }
            ]
          ],
          "identity_schema_version": 0
        }
      ]
    }
  ],
  "check_results": null
}
