{
  "version": 4,
  "terraform_version": "1.15.5",
  "serial": 1,
  "lineage": "fc70ec5c-dff4-9f5e-6a2d-f276c5d9c2af",
  "outputs": {},
  "resources": [
    {
      "module": "module.ecs",
      "mode": "managed",
      "type": "local_file",
      "name": "ecs",
      "provider": "provider[\"registry.terraform.io/hashicorp/local\"]",
      "instances": [
        {
          "schema_version": 0,
          "attributes": {
            "content": "id: stg-ecs-web\nrds_cluster_id: stg-rds-cluster-db\nvpc_id: stg-vpc-main",
            "content_base64": null,
            "content_base64sha256": "LF5JHh3tbqCOyXaqZkaB+OnSTY9FyBffb1J1hSOgU7A=",
            "content_base64sha512": "e/wpftF7wFQ8JXJIXVsx4oP1HYm1DfFwDMMk0ljJm+SL+XXRuCpGClE0CAdL0f5RFv3cXr6ZiPbOoynJ5tO8CQ==",
            "content_md5": "925c3dfb73529c7685b2c04477f31947",
            "content_sha1": "2984395fc3f6c740698d779649b1457ea8c16f75",
            "content_sha256": "2c5e491e1ded6ea08ec976aa664681f8e9d24d8f45c817df6f52758523a053b0",
            "content_sha512": "7bfc297ed17bc0543c2572485d5b31e283f51d89b50df1700cc324d258c99be48bf975d1b82a460a513408074bd1fe5116fddc5ebe9988f6cea329c9e6d3bc09",
            "directory_permission": "0777",
            "file_permission": "0777",
            "filename": "stg-ecs-web.txt",
            "id": "2984395fc3f6c740698d779649b1457ea8c16f75",
            "sensitive_content": null,
            "source": null
          },
          "sensitive_attributes": [
            [
              {
                "type": "get_attr",
                "value": "sensitive_content"
              }
            ]
          ],
          "identity_schema_version": 0
        }
      ]
    }
  ],
  "check_results": null
}
