{
  "version": 4,
  "terraform_version": "1.15.5",
  "serial": 1,
  "lineage": "7fc495f8-f50e-096a-5ac0-37d10ab0d62f",
  "outputs": {},
  "resources": [
    {
      "module": "module.vpc",
      "mode": "managed",
      "type": "local_file",
      "name": "vpc",
      "provider": "provider[\"registry.terraform.io/hashicorp/local\"]",
      "instances": [
        {
          "schema_version": 0,
          "attributes": {
            "content": "id: stg-vpc-main\ncidr_block: 10.0.0.0/16",
            "content_base64": null,
            "content_base64sha256": "JeZOZJLVlD85+q0DHiEMWZCdyHiuz/M6Se3dshH7FmY=",
            "content_base64sha512": "ANv5Kdaxb5Y6pElwt1a0FHqkvsjO37NkKYaRb7CZmxCu8o0Cz7Omr9b2qBrEFkrtaNvcsYrhGLbdweXjNsQrAA==",
            "content_md5": "3d013aad6259ce0b2349a2a00203e07d",
            "content_sha1": "651e6c4fe4e5df5afd54943bf735456b5a38aae1",
            "content_sha256": "25e64e6492d5943f39faad031e210c59909dc878aecff33a49edddb211fb1666",
            "content_sha512": "00dbf929d6b16f963aa44970b756b4147aa4bec8cedfb3642986916fb0999b10aef28d02cfb3a6afd6f6a81ac4164aed68dbdcb18ae118b6ddc1e5e336c42b00",
            "directory_permission": "0777",
            "file_permission": "0777",
            "filename": "stg-vpc-main.txt",
            "id": "651e6c4fe4e5df5afd54943bf735456b5a38aae1",
            "sensitive_content": null,
            "source": null
          },
          "sensitive_attributes": [
            [
              {
                "type": "get_attr",
                "value": "sensitive_content"
              }
            ]
          ],
          "identity_schema_version": 0
        }
      ]
    }
  ],
  "check_results": null
}
